
Microsoft Visual Studio Solution File, Format Version 12.00
# Visual Studio 15
VisualStudioVersion = 15.0.28010.2036
MinimumVisualStudioVersion = 10.0.40219.1
Project("{FAE04EC0-301F-11D3-BF4B-00C04F79EFBC}") = "FMC.Automator.DistribuicaoDesk.DAO", "FMC.Automator.DistribuicaoDesk.DAO\FMC.Automator.DistribuicaoDesk.DAO.csproj", "{0C9456E7-DC5A-46AB-B2BF-99BDEE0C6EE1}"
EndProject
Project("{FAE04EC0-301F-11D3-BF4B-00C04F79EFBC}") = "FMC.Automator.DistribuicaoDesk.BLL", "FMC.Automator.DistribuicaoDesk.BLL\FMC.Automator.DistribuicaoDesk.BLL.csproj", "{AF7BA47B-F63C-4431-8FBA-AB0CFB3C0C8D}"
EndProject
Project("{FAE04EC0-301F-11D3-BF4B-00C04F79EFBC}") = "FMC.Automator.DistribuicaoDesk", "FMC.Automator.DistribuicaoDesk\FMC.Automator.DistribuicaoDesk.csproj", "{7EC0C793-0211-456D-985E-E90C088660FA}"
EndProject
Global
	GlobalSection(SolutionConfigurationPlatforms) = preSolution
		Debug|Any CPU = Debug|Any CPU
		Debug|Mixed Platforms = Debug|Mixed Platforms
		Debug|x86 = Debug|x86
		Release|Any CPU = Release|Any CPU
		Release|Mixed Platforms = Release|Mixed Platforms
		Release|x86 = Release|x86
	EndGlobalSection
	GlobalSection(ProjectConfigurationPlatforms) = postSolution
		{0C9456E7-DC5A-46AB-B2BF-99BDEE0C6EE1}.Debug|Any CPU.ActiveCfg = Debug|Any CPU
		{0C9456E7-DC5A-46AB-B2BF-99BDEE0C6EE1}.Debug|Any CPU.Build.0 = Debug|Any CPU
		{0C9456E7-DC5A-46AB-B2BF-99BDEE0C6EE1}.Debug|Mixed Platforms.ActiveCfg = Debug|Any CPU
		{0C9456E7-DC5A-46AB-B2BF-99BDEE0C6EE1}.Debug|Mixed Platforms.Build.0 = Debug|Any CPU
		{0C9456E7-DC5A-46AB-B2BF-99BDEE0C6EE1}.Debug|x86.ActiveCfg = Debug|Any CPU
		{0C9456E7-DC5A-46AB-B2BF-99BDEE0C6EE1}.Release|Any CPU.ActiveCfg = Release|Any CPU
		{0C9456E7-DC5A-46AB-B2BF-99BDEE0C6EE1}.Release|Any CPU.Build.0 = Release|Any CPU
		{0C9456E7-DC5A-46AB-B2BF-99BDEE0C6EE1}.Release|Mixed Platforms.ActiveCfg = Release|Any CPU
		{0C9456E7-DC5A-46AB-B2BF-99BDEE0C6EE1}.Release|Mixed Platforms.Build.0 = Release|Any CPU
		{0C9456E7-DC5A-46AB-B2BF-99BDEE0C6EE1}.Release|x86.ActiveCfg = Release|Any CPU
		{AF7BA47B-F63C-4431-8FBA-AB0CFB3C0C8D}.Debug|Any CPU.ActiveCfg = Debug|Any CPU
		{AF7BA47B-F63C-4431-8FBA-AB0CFB3C0C8D}.Debug|Any CPU.Build.0 = Debug|Any CPU
		{AF7BA47B-F63C-4431-8FBA-AB0CFB3C0C8D}.Debug|Mixed Platforms.ActiveCfg = Debug|Any CPU
		{AF7BA47B-F63C-4431-8FBA-AB0CFB3C0C8D}.Debug|Mixed Platforms.Build.0 = Debug|Any CPU
		{AF7BA47B-F63C-4431-8FBA-AB0CFB3C0C8D}.Debug|x86.ActiveCfg = Debug|Any CPU
		{AF7BA47B-F63C-4431-8FBA-AB0CFB3C0C8D}.Release|Any CPU.ActiveCfg = Release|Any CPU
		{AF7BA47B-F63C-4431-8FBA-AB0CFB3C0C8D}.Release|Any CPU.Build.0 = Release|Any CPU
		{AF7BA47B-F63C-4431-8FBA-AB0CFB3C0C8D}.Release|Mixed Platforms.ActiveCfg = Release|Any CPU
		{AF7BA47B-F63C-4431-8FBA-AB0CFB3C0C8D}.Release|Mixed Platforms.Build.0 = Release|Any CPU
		{AF7BA47B-F63C-4431-8FBA-AB0CFB3C0C8D}.Release|x86.ActiveCfg = Release|Any CPU
		{7EC0C793-0211-456D-985E-E90C088660FA}.Debug|Any CPU.ActiveCfg = Debug|x86
		{7EC0C793-0211-456D-985E-E90C088660FA}.Debug|Mixed Platforms.ActiveCfg = Debug|x86
		{7EC0C793-0211-456D-985E-E90C088660FA}.Debug|Mixed Platforms.Build.0 = Debug|x86
		{7EC0C793-0211-456D-985E-E90C088660FA}.Debug|x86.ActiveCfg = Debug|x86
		{7EC0C793-0211-456D-985E-E90C088660FA}.Debug|x86.Build.0 = Debug|x86
		{7EC0C793-0211-456D-985E-E90C088660FA}.Release|Any CPU.ActiveCfg = Release|x86
		{7EC0C793-0211-456D-985E-E90C088660FA}.Release|Mixed Platforms.ActiveCfg = Release|x86
		{7EC0C793-0211-456D-985E-E90C088660FA}.Release|Mixed Platforms.Build.0 = Release|x86
		{7EC0C793-0211-456D-985E-E90C088660FA}.Release|x86.ActiveCfg = Release|x86
		{7EC0C793-0211-456D-985E-E90C088660FA}.Release|x86.Build.0 = Release|x86
	EndGlobalSection
	GlobalSection(SolutionProperties) = preSolution
		HideSolutionNode = FALSE
	EndGlobalSection
	GlobalSection(ExtensibilityGlobals) = postSolution
		VisualSVNWorkingCopyRoot = .
		SolutionGuid = {3F180CE3-0B21-44C8-B2E6-EA634976BC2E}
	EndGlobalSection
EndGlobal
