
Microsoft Visual Studio Solution File, Format Version 12.00
# Visual Studio Version 17
VisualStudioVersion = 17.0.32112.339
MinimumVisualStudioVersion = 10.0.40219.1
Project("{9A19103F-16F7-4668-BE54-9A1E7A4F7556}") = "FMC.FIS.EnvioEmailCredz1", "FMC.FIS.EnvioEmailCredz\FMC.FIS.EnvioEmailCredz1.csproj", "{17EEF4F4-505B-4480-BF5C-22098BED31D0}"
EndProject
Project("{9A19103F-16F7-4668-BE54-9A1E7A4F7556}") = "FMC.FIS.Business", "..\..\FMC.FIS.Business\FMC.FIS.Business.csproj", "{481182C9-4CC1-4D26-B11A-5CC176EC0F32}"
EndProject
Project("{9A19103F-16F7-4668-BE54-9A1E7A4F7556}") = "FMC.FIS.EnvioEmailComAcessoCredz", "..\FMC.FIS.EnvioEmailComAcessoCredz\FMC.FIS.EnvioEmailComAcessoCredz.csproj", "{EC4867BB-A97F-4C5F-8027-8ED5052135D3}"
EndProject
Project("{9A19103F-16F7-4668-BE54-9A1E7A4F7556}") = "FMC.RCS", "FMC.RCS\FMC.RCS.csproj", "{7A3C4161-77AC-47E5-8EC3-0F31902FD47E}"
EndProject
Project("{9A19103F-16F7-4668-BE54-9A1E7A4F7556}") = "FMC.FIS.ML.Score", "..\..\FMC.FIS.ML.Score\FMC.FIS.ML.Score.csproj", "{715640BA-52B2-487F-A6EA-A39568A1CDE7}"
EndProject
Project("{9A19103F-16F7-4668-BE54-9A1E7A4F7556}") = "FMC.FIS.CREDZ.EnvioEmailContaSMS", "..\FMC.FIS.Credz.EnvioEmailContaSMS\ConsoleApp1\FMC.FIS.CREDZ.EnvioEmailContaSMS.csproj", "{4350872E-3D9D-4E41-819B-38550C6BA3E7}"
EndProject
Project("{9A19103F-16F7-4668-BE54-9A1E7A4F7556}") = "FMC.FIS.GenerateScore", "..\FMC.FIS.GenerateScore\FMC.FIS.GenerateScore.csproj", "{1814DCED-4DF5-4D4E-91FE-CF386DA1831A}"
EndProject
Project("{9A19103F-16F7-4668-BE54-9A1E7A4F7556}") = "FMC.FIS.CREDZ.EnvioContatoUra", "..\FMC.FIS.CREDZ.EnvioTelegram\FMC.FIS.CREDZ.EnvioContatoUra.csproj", "{9B5D5444-643A-4B05-B33A-ACE3597BC625}"
EndProject
Project("{9A19103F-16F7-4668-BE54-9A1E7A4F7556}") = "FMC.FIS.CREDZ.EnvioSMS", "..\FMC.FIS.Credz.EnvioSMS\ConsoleApp1\FMC.FIS.CREDZ.EnvioSMS.csproj", "{37118482-119B-4508-9422-CE263CE33B70}"
EndProject
Project("{9A19103F-16F7-4668-BE54-9A1E7A4F7556}") = "FMC.FIS.Credz.Remember", "FMC.FIS.Credz.Remember\FMC.FIS.Credz.Remember.csproj", "{88911680-8913-45AF-A424-FB0C1FEC389E}"
EndProject
Project("{9A19103F-16F7-4668-BE54-9A1E7A4F7556}") = "FMC.EnvioDadosServidorFMC", "FMC.EnvioDadosServidorFMC\FMC.EnvioDadosServidorFMC.csproj", "{36BDAD30-898F-4DB7-817D-105CAEE38B67}"
EndProject
Project("{9A19103F-16F7-4668-BE54-9A1E7A4F7556}") = "FMC.FIS.EnvioEmailCredz2", "FMC.FIS.EnvioEmailCredz2\FMC.FIS.EnvioEmailCredz2.csproj", "{58A4D4EF-8B6B-4B1F-8AFC-F17366A4B5E1}"
EndProject
Project("{9A19103F-16F7-4668-BE54-9A1E7A4F7556}") = "FMC.FIS.EnvioEmailCredz3", "FMC.FIS.EnvioEmailCredz3\FMC.FIS.EnvioEmailCredz3.csproj", "{2CC05D9C-BA44-4563-9585-78AFFAC11C17}"
EndProject
Project("{9A19103F-16F7-4668-BE54-9A1E7A4F7556}") = "FMC.FIS.EnvioEmailCredz4", "FMC.FIS.EnvioEmailCredz4\FMC.FIS.EnvioEmailCredz4.csproj", "{7615CEDF-8251-458B-AABB-10891C2FB1D7}"
EndProject
Project("{9A19103F-16F7-4668-BE54-9A1E7A4F7556}") = "FMC.FIS.EnvioEmailCredzContasNovas", "FMC.FIS.EnvioEmailCredzContasNovas\FMC.FIS.EnvioEmailCredzContasNovas.csproj", "{61F3163E-635D-4895-9040-8C35B69871FD}"
EndProject
Project("{9A19103F-16F7-4668-BE54-9A1E7A4F7556}") = "FMC.FIS.UpdateScore", "..\FMC.FIS.UpdateScore\FMC.FIS.UpdateScore.csproj", "{0D75DA38-70B1-437B-864B-5097190F3CB2}"
EndProject
Project("{9A19103F-16F7-4668-BE54-9A1E7A4F7556}") = "FMC.FIS.EnvioRCS", "FMC.FIS.EnvioRCS\FMC.FIS.EnvioRCS.csproj", "{FD774F54-B556-4B16-84A0-2E6852078E20}"
EndProject
Project("{9A19103F-16F7-4668-BE54-9A1E7A4F7556}") = "FMC.FIS.EnvioRCSNews", "FMC.FIS.EnvioRCSNews\FMC.FIS.EnvioRCSNews.csproj", "{6A6693AF-57A7-422C-90E0-05BF3B7A9F5B}"
EndProject
Project("{9A19103F-16F7-4668-BE54-9A1E7A4F7556}") = "FMC.AtivaUsuarioAD", "FMC.AtivaUsuarioAD\FMC.AtivaUsuarioAD.csproj", "{0B063198-2726-43B5-BDB9-EABE53489017}"
EndProject
Project("{9A19103F-16F7-4668-BE54-9A1E7A4F7556}") = "FMC.FIS.CREZ.EnvioEmailQuebra", "FMC.FIS.CREZ.EnvioEmailQuebra\FMC.FIS.CREZ.EnvioEmailQuebra.csproj", "{10194158-C7C0-4B4E-9415-2A5D897B3D29}"
EndProject
Global
	GlobalSection(SolutionConfigurationPlatforms) = preSolution
		Debug|Any CPU = Debug|Any CPU
		Release|Any CPU = Release|Any CPU
	EndGlobalSection
	GlobalSection(ProjectConfigurationPlatforms) = postSolution
		{17EEF4F4-505B-4480-BF5C-22098BED31D0}.Debug|Any CPU.ActiveCfg = Debug|Any CPU
		{17EEF4F4-505B-4480-BF5C-22098BED31D0}.Debug|Any CPU.Build.0 = Debug|Any CPU
		{17EEF4F4-505B-4480-BF5C-22098BED31D0}.Release|Any CPU.ActiveCfg = Release|Any CPU
		{17EEF4F4-505B-4480-BF5C-22098BED31D0}.Release|Any CPU.Build.0 = Release|Any CPU
		{481182C9-4CC1-4D26-B11A-5CC176EC0F32}.Debug|Any CPU.ActiveCfg = Debug|Any CPU
		{481182C9-4CC1-4D26-B11A-5CC176EC0F32}.Debug|Any CPU.Build.0 = Debug|Any CPU
		{481182C9-4CC1-4D26-B11A-5CC176EC0F32}.Release|Any CPU.ActiveCfg = Release|Any CPU
		{481182C9-4CC1-4D26-B11A-5CC176EC0F32}.Release|Any CPU.Build.0 = Release|Any CPU
		{EC4867BB-A97F-4C5F-8027-8ED5052135D3}.Debug|Any CPU.ActiveCfg = Debug|Any CPU
		{EC4867BB-A97F-4C5F-8027-8ED5052135D3}.Debug|Any CPU.Build.0 = Debug|Any CPU
		{EC4867BB-A97F-4C5F-8027-8ED5052135D3}.Release|Any CPU.ActiveCfg = Release|Any CPU
		{EC4867BB-A97F-4C5F-8027-8ED5052135D3}.Release|Any CPU.Build.0 = Release|Any CPU
		{7A3C4161-77AC-47E5-8EC3-0F31902FD47E}.Debug|Any CPU.ActiveCfg = Debug|Any CPU
		{7A3C4161-77AC-47E5-8EC3-0F31902FD47E}.Debug|Any CPU.Build.0 = Debug|Any CPU
		{7A3C4161-77AC-47E5-8EC3-0F31902FD47E}.Release|Any CPU.ActiveCfg = Release|Any CPU
		{7A3C4161-77AC-47E5-8EC3-0F31902FD47E}.Release|Any CPU.Build.0 = Release|Any CPU
		{715640BA-52B2-487F-A6EA-A39568A1CDE7}.Debug|Any CPU.ActiveCfg = Debug|Any CPU
		{715640BA-52B2-487F-A6EA-A39568A1CDE7}.Debug|Any CPU.Build.0 = Debug|Any CPU
		{715640BA-52B2-487F-A6EA-A39568A1CDE7}.Release|Any CPU.ActiveCfg = Release|Any CPU
		{715640BA-52B2-487F-A6EA-A39568A1CDE7}.Release|Any CPU.Build.0 = Release|Any CPU
		{4350872E-3D9D-4E41-819B-38550C6BA3E7}.Debug|Any CPU.ActiveCfg = Debug|Any CPU
		{4350872E-3D9D-4E41-819B-38550C6BA3E7}.Debug|Any CPU.Build.0 = Debug|Any CPU
		{4350872E-3D9D-4E41-819B-38550C6BA3E7}.Release|Any CPU.ActiveCfg = Release|Any CPU
		{4350872E-3D9D-4E41-819B-38550C6BA3E7}.Release|Any CPU.Build.0 = Release|Any CPU
		{1814DCED-4DF5-4D4E-91FE-CF386DA1831A}.Debug|Any CPU.ActiveCfg = Debug|Any CPU
		{1814DCED-4DF5-4D4E-91FE-CF386DA1831A}.Debug|Any CPU.Build.0 = Debug|Any CPU
		{1814DCED-4DF5-4D4E-91FE-CF386DA1831A}.Release|Any CPU.ActiveCfg = Release|Any CPU
		{1814DCED-4DF5-4D4E-91FE-CF386DA1831A}.Release|Any CPU.Build.0 = Release|Any CPU
		{9B5D5444-643A-4B05-B33A-ACE3597BC625}.Debug|Any CPU.ActiveCfg = Debug|Any CPU
		{9B5D5444-643A-4B05-B33A-ACE3597BC625}.Debug|Any CPU.Build.0 = Debug|Any CPU
		{9B5D5444-643A-4B05-B33A-ACE3597BC625}.Release|Any CPU.ActiveCfg = Release|Any CPU
		{9B5D5444-643A-4B05-B33A-ACE3597BC625}.Release|Any CPU.Build.0 = Release|Any CPU
		{37118482-119B-4508-9422-CE263CE33B70}.Debug|Any CPU.ActiveCfg = Debug|Any CPU
		{37118482-119B-4508-9422-CE263CE33B70}.Debug|Any CPU.Build.0 = Debug|Any CPU
		{37118482-119B-4508-9422-CE263CE33B70}.Release|Any CPU.ActiveCfg = Release|Any CPU
		{37118482-119B-4508-9422-CE263CE33B70}.Release|Any CPU.Build.0 = Release|Any CPU
		{88911680-8913-45AF-A424-FB0C1FEC389E}.Debug|Any CPU.ActiveCfg = Debug|Any CPU
		{88911680-8913-45AF-A424-FB0C1FEC389E}.Debug|Any CPU.Build.0 = Debug|Any CPU
		{88911680-8913-45AF-A424-FB0C1FEC389E}.Release|Any CPU.ActiveCfg = Release|Any CPU
		{88911680-8913-45AF-A424-FB0C1FEC389E}.Release|Any CPU.Build.0 = Release|Any CPU
		{36BDAD30-898F-4DB7-817D-105CAEE38B67}.Debug|Any CPU.ActiveCfg = Debug|Any CPU
		{36BDAD30-898F-4DB7-817D-105CAEE38B67}.Debug|Any CPU.Build.0 = Debug|Any CPU
		{36BDAD30-898F-4DB7-817D-105CAEE38B67}.Release|Any CPU.ActiveCfg = Release|Any CPU
		{36BDAD30-898F-4DB7-817D-105CAEE38B67}.Release|Any CPU.Build.0 = Release|Any CPU
		{58A4D4EF-8B6B-4B1F-8AFC-F17366A4B5E1}.Debug|Any CPU.ActiveCfg = Debug|Any CPU
		{58A4D4EF-8B6B-4B1F-8AFC-F17366A4B5E1}.Debug|Any CPU.Build.0 = Debug|Any CPU
		{58A4D4EF-8B6B-4B1F-8AFC-F17366A4B5E1}.Release|Any CPU.ActiveCfg = Release|Any CPU
		{58A4D4EF-8B6B-4B1F-8AFC-F17366A4B5E1}.Release|Any CPU.Build.0 = Release|Any CPU
		{2CC05D9C-BA44-4563-9585-78AFFAC11C17}.Debug|Any CPU.ActiveCfg = Debug|Any CPU
		{2CC05D9C-BA44-4563-9585-78AFFAC11C17}.Debug|Any CPU.Build.0 = Debug|Any CPU
		{2CC05D9C-BA44-4563-9585-78AFFAC11C17}.Release|Any CPU.ActiveCfg = Release|Any CPU
		{2CC05D9C-BA44-4563-9585-78AFFAC11C17}.Release|Any CPU.Build.0 = Release|Any CPU
		{7615CEDF-8251-458B-AABB-10891C2FB1D7}.Debug|Any CPU.ActiveCfg = Debug|Any CPU
		{7615CEDF-8251-458B-AABB-10891C2FB1D7}.Debug|Any CPU.Build.0 = Debug|Any CPU
		{7615CEDF-8251-458B-AABB-10891C2FB1D7}.Release|Any CPU.ActiveCfg = Release|Any CPU
		{7615CEDF-8251-458B-AABB-10891C2FB1D7}.Release|Any CPU.Build.0 = Release|Any CPU
		{61F3163E-635D-4895-9040-8C35B69871FD}.Debug|Any CPU.ActiveCfg = Debug|Any CPU
		{61F3163E-635D-4895-9040-8C35B69871FD}.Debug|Any CPU.Build.0 = Debug|Any CPU
		{61F3163E-635D-4895-9040-8C35B69871FD}.Release|Any CPU.ActiveCfg = Release|Any CPU
		{61F3163E-635D-4895-9040-8C35B69871FD}.Release|Any CPU.Build.0 = Release|Any CPU
		{0D75DA38-70B1-437B-864B-5097190F3CB2}.Debug|Any CPU.ActiveCfg = Debug|Any CPU
		{0D75DA38-70B1-437B-864B-5097190F3CB2}.Debug|Any CPU.Build.0 = Debug|Any CPU
		{0D75DA38-70B1-437B-864B-5097190F3CB2}.Release|Any CPU.ActiveCfg = Release|Any CPU
		{0D75DA38-70B1-437B-864B-5097190F3CB2}.Release|Any CPU.Build.0 = Release|Any CPU
		{FD774F54-B556-4B16-84A0-2E6852078E20}.Debug|Any CPU.ActiveCfg = Debug|Any CPU
		{FD774F54-B556-4B16-84A0-2E6852078E20}.Debug|Any CPU.Build.0 = Debug|Any CPU
		{FD774F54-B556-4B16-84A0-2E6852078E20}.Release|Any CPU.ActiveCfg = Release|Any CPU
		{FD774F54-B556-4B16-84A0-2E6852078E20}.Release|Any CPU.Build.0 = Release|Any CPU
		{6A6693AF-57A7-422C-90E0-05BF3B7A9F5B}.Debug|Any CPU.ActiveCfg = Debug|Any CPU
		{6A6693AF-57A7-422C-90E0-05BF3B7A9F5B}.Debug|Any CPU.Build.0 = Debug|Any CPU
		{6A6693AF-57A7-422C-90E0-05BF3B7A9F5B}.Release|Any CPU.ActiveCfg = Release|Any CPU
		{6A6693AF-57A7-422C-90E0-05BF3B7A9F5B}.Release|Any CPU.Build.0 = Release|Any CPU
		{0B063198-2726-43B5-BDB9-EABE53489017}.Debug|Any CPU.ActiveCfg = Debug|Any CPU
		{0B063198-2726-43B5-BDB9-EABE53489017}.Debug|Any CPU.Build.0 = Debug|Any CPU
		{0B063198-2726-43B5-BDB9-EABE53489017}.Release|Any CPU.ActiveCfg = Release|Any CPU
		{0B063198-2726-43B5-BDB9-EABE53489017}.Release|Any CPU.Build.0 = Release|Any CPU
		{10194158-C7C0-4B4E-9415-2A5D897B3D29}.Debug|Any CPU.ActiveCfg = Debug|Any CPU
		{10194158-C7C0-4B4E-9415-2A5D897B3D29}.Debug|Any CPU.Build.0 = Debug|Any CPU
		{10194158-C7C0-4B4E-9415-2A5D897B3D29}.Release|Any CPU.ActiveCfg = Release|Any CPU
		{10194158-C7C0-4B4E-9415-2A5D897B3D29}.Release|Any CPU.Build.0 = Release|Any CPU
	EndGlobalSection
	GlobalSection(SolutionProperties) = preSolution
		HideSolutionNode = FALSE
	EndGlobalSection
	GlobalSection(ExtensibilityGlobals) = postSolution
		SolutionGuid = {600B3C79-2006-4C73-B9E8-BE19AD9F5095}
	EndGlobalSection
EndGlobal
